
Microsoft Visual Studio Solution File, Format Version 12.00
# Visual Studio Version 17
VisualStudioVersion = 17.0.32014.148
MinimumVisualStudioVersion = 10.0.40219.1
Project("{FAE04EC0-301F-11D3-BF4B-00C04F79EFBC}") = "PortifolioAPI", "PortifolioAPI\PortifolioAPI.csproj", "{DEA05FEF-5C8B-4FFF-A3F9-71AB11B70155}"
EndProject
Global
	GlobalSection(SolutionConfigurationPlatforms) = preSolution
		Debug|Any CPU = Debug|Any CPU
		Release|Any CPU = Release|Any CPU
	EndGlobalSection
	GlobalSection(ProjectConfigurationPlatforms) = postSolution
		{DEA05FEF-5C8B-4FFF-A3F9-71AB11B70155}.Debug|Any CPU.ActiveCfg = Debug|Any CPU
		{DEA05FEF-5C8B-4FFF-A3F9-71AB11B70155}.Debug|Any CPU.Build.0 = Debug|Any CPU
		{DEA05FEF-5C8B-4FFF-A3F9-71AB11B70155}.Release|Any CPU.ActiveCfg = Release|Any CPU
		{DEA05FEF-5C8B-4FFF-A3F9-71AB11B70155}.Release|Any CPU.Build.0 = Release|Any CPU
	EndGlobalSection
	GlobalSection(SolutionProperties) = preSolution
		HideSolutionNode = FALSE
	EndGlobalSection
	GlobalSection(ExtensibilityGlobals) = postSolution
		SolutionGuid = {2B097622-0F62-4689-8DD1-048FC68BE7EF}
	EndGlobalSection
EndGlobal
